// !$*UTF8*$!
{
	archiveVersion = 1;
	classes = {
	};
	objectVersion = 46;
	objects = {

/* Begin PBXBuildFile section */
		D3D1BCAA1DE46A29003D7719 /* AppDelegate.swift in Sources */ = {isa = PBXBuildFile; fileRef = D3D1BCA91DE46A29003D7719 /* AppDelegate.swift */; };
		D3D1BCAC1DE46A29003D7719 /* ViewController.swift in Sources */ = {isa = PBXBuildFile; fileRef = D3D1BCAB1DE46A29003D7719 /* ViewController.swift */; };
		D3D1BCAF1DE46A29003D7719 /* Main.storyboard in Resources */ = {isa = PBXBuildFile; fileRef = D3D1BCAD1DE46A29003D7719 /* Main.storyboard */; };
		D3D1BCB11DE46A29003D7719 /* Assets.xcassets in Resources */ = {isa = PBXBuildFile; fileRef = D3D1BCB01DE46A29003D7719 /* Assets.xcassets */; };
/* End PBXBuildFile section */

/* Begin PBXFileReference section */
		D3D1BCA61DE46A29003D7719 /* BombApp.app */ = {isa = PBXFileReference; explicitFileType = wrapper.application; includeInIndex = 0; path = BombApp.app; sourceTree = BUILT_PRODUCTS_DIR; };
		D3D1BCA91DE46A29003D7719 /* AppDelegate.swift */ = {isa = PBXFileReference; lastKnownFileType = sourcecode.swift; path = AppDelegate.swift; sourceTree = "<group>"; };
		D3D1BCAB1DE46A29003D7719 /* ViewController.swift */ = {isa = PBXFileReference; lastKnownFileType = sourcecode.swift; path = ViewController.swift; sourceTree = "<group>"; };
		D3D1BCAE1DE46A29003D7719 /* Base */ = {isa = PBXFileReference; lastKnownFileType = file.storyboard; name = Base; path = Base.lproj/Main.storyboard; sourceTree = "<group>"; };
		D3D1BCB01DE46A29003D7719 /* Assets.xcassets */ = {isa = PBXFileReference; lastKnownFileType = folder.assetcatalog; path = Assets.xcassets; sourceTree = "<group>"; };
		D3D1BCB51DE46A29003D7719 /* Info.plist */ = {isa = PBXFileReference; lastKnownFileType = text.plist.xml; path = Info.plist; sourceTree = "<group>"; };
/* End PBXFileReference section */

/* Begin PBXFrameworksBuildPhase section */
		D3D1BCA31DE46A28003D7719 /* Frameworks */ = {
			isa = PBXFrameworksBuildPhase;
			buildActionMask = 2147483647;
			files = (
			);
			runOnlyForDeploymentPostprocessing = 0;
		};
/* End PBXFrameworksBuildPhase section */

/* Begin PBXGroup section */
		D3D1BC9D1DE46A28003D7719 = {
			isa = PBXGroup;
			children = (
				D3D1BCA81DE46A29003D7719 /* BombApp */,
				D3D1BCA71DE46A29003D7719 /* Products */,
			);
			sourceTree = "<group>";
		};
		D3D1BCA71DE46A29003D7719 /* Products */ = {
			isa = PBXGroup;
			children = (
				D3D1BCA61DE46A29003D7719 /* BombApp.app */,
			);
			name = Products;
			sourceTree = "<group>";
		};
		D3D1BCA81DE46A29003D7719 /* BombApp */ = {
			isa = PBXGroup;
			children = (
				D3D1BCA91DE46A29003D7719 /* AppDelegate.swift */,
				D3D1BCAB1DE46A29003D7719 /* ViewController.swift */,
				D3D1BCAD1DE46A29003D7719 /* Main.storyboard */,
				D3D1BCB01DE46A29003D7719 /* Assets.xcassets */,
				D3D1BCB51DE46A29003D7719 /* Info.plist */,
			);
			path = BombApp;
			sourceTree = "<group>";
		};
/* End PBXGroup section */

/* Begin PBXNativeTarget section */
		D3D1BCA51DE46A28003D7719 /* BombApp */ = {
			isa = PBXNativeTarget;
			buildConfigurationList = D3D1BCB81DE46A29003D7719 /* Build configuration list for PBXNativeTarget "BombApp" */;
			buildPhases = (
				D3D1BCA21DE46A28003D7719 /* Sources */,
				D3D1BCA31DE46A28003D7719 /* Frameworks */,
				D3D1BCA41DE46A28003D7719 /* Resources */,
			);
			buildRules = (
			);
			dependencies = (
			);
			name = BombApp;
			productName = BombApp;
			productReference = D3D1BCA61DE46A29003D7719 /* BombApp.app */;
			productType = "com.apple.product-type.application";
		};
/* End PBXNativeTarget section */

/* Begin PBXProject section */
		D3D1BC9E1DE46A28003D7719 /* Project object */ = {
			isa = PBXProject;
			attributes = {
				LastSwiftUpdateCheck = 0720;
				LastUpgradeCheck = 0720;
				ORGANIZATIONNAME = Unoq;
				TargetAttributes = {
					D3D1BCA51DE46A28003D7719 = {
						CreatedOnToolsVersion = 7.2.1;
						DevelopmentTeam = TD4KQ8XL36;
					};
				};
			};
			buildConfigurationList = D3D1BCA11DE46A28003D7719 /* Build configuration list for PBXProject "BombApp" */;
			compatibilityVersion = "Xcode 3.2";
			developmentRegion = English;
			hasScannedForEncodings = 0;
			knownRegions = (
				en,
				Base,
			);
			mainGroup = D3D1BC9D1DE46A28003D7719;
			productRefGroup = D3D1BCA71DE46A29003D7719 /* Products */;
			projectDirPath = "";
			projectRoot = "";
			targets = (
				D3D1BCA51DE46A28003D7719 /* BombApp */,
			);
		};
/* End PBXProject section */

/* Begin PBXResourcesBuildPhase section */
		D3D1BCA41DE46A28003D7719 /* Resources */ = {
			isa = PBXResourcesBuildPhase;
			buildActionMask = 2147483647;
			files = (
				D3D1BCB11DE46A29003D7719 /* Assets.xcassets in Resources */,
				D3D1BCAF1DE46A29003D7719 /* Main.storyboard in Resources */,
			);
			runOnlyForDeploymentPostprocessing = 0;
		};
/* End PBXResourcesBuildPhase section */

/* Begin PBXSourcesBuildPhase section */
		D3D1BCA21DE46A28003D7719 /* Sources */ = {
			isa = PBXSourcesBuildPhase;
			buildActionMask = 2147483647;
			files = (
				D3D1BCAC1DE46A29003D7719 /* ViewController.swift in Sources */,
				D3D1BCAA1DE46A29003D7719 /* AppDelegate.swift in Sources */,
			);
			runOnlyForDeploymentPostprocessing = 0;
		};
/* End PBXSourcesBuildPhase section */

/* Begin PBXVariantGroup section */
		D3D1BCAD1DE46A29003D7719 /* Main.storyboard */ = {
			isa = PBXVariantGroup;
			children = (
				D3D1BCAE1DE46A29003D7719 /* Base */,
			);
			name = Main.storyboard;
			sourceTree = "<group>";
		};
/* End PBXVariantGroup section */

/* Begin XCBuildConfiguration section */
		D3D1BCB61DE46A29003D7719 /* Debug */ = {
			isa = XCBuildConfiguration;
			buildSettings = {
				ALWAYS_SEARCH_USER_PATHS = NO;
				CLANG_CXX_LANGUAGE_STANDARD = "gnu++0x";
				CLANG_CXX_LIBRARY = "libc++";
				CLANG_ENABLE_MODULES = YES;
				CLANG_ENABLE_OBJC_ARC = YES;
				CLANG_WARN_BOOL_CONVERSION = YES;
				CLANG_WARN_CONSTANT_CONVERSION = YES;
				CLANG_WARN_DIRECT_OBJC_ISA_USAGE = YES_ERROR;
				CLANG_WARN_EMPTY_BODY = YES;
				CLANG_WARN_ENUM_CONVERSION = YES;
				CLANG_WARN_INT_CONVERSION = YES;
				CLANG_WARN_OBJC_ROOT_CLASS = YES_ERROR;
				CLANG_WARN_UNREACHABLE_CODE = YES;
				CLANG_WARN__DUPLICATE_METHOD_MATCH = YES;
				"CODE_SIGN_IDENTITY[sdk=iphoneos*]" = "iPhone Developer";
				COPY_PHASE_STRIP = NO;
				DEBUG_INFORMATION_FORMAT = dwarf;
				ENABLE_STRICT_OBJC_MSGSEND = YES;
				ENABLE_TESTABILITY = YES;
				GCC_C_LANGUAGE_STANDARD = gnu99;
				GCC_DYNAMIC_NO_PIC = NO;
				GCC_NO_COMMON_BLOCKS = YES;
				GCC_OPTIMIZATION_LEVEL = 0;
				GCC_PREPROCESSOR_DEFINITIONS = (
					"DEBUG=1",
					"$(inherited)",
				);
				GCC_WARN_64_TO_32_BIT_CONVERSION = YES;
				GCC_WARN_ABOUT_RETURN_TYPE = YES_ERROR;
				GCC_WARN_UNDECLARED_SELECTOR = YES;
				GCC_WARN_UNINITIALIZED_AUTOS = YES_AGGRESSIVE;
				GCC_WARN_UNUSED_FUNCTION = YES;
				GCC_WARN_UNUSED_VARIABLE = YES;
				IPHONEOS_DEPLOYMENT_TARGET = 9.2;
				MTL_ENABLE_DEBUG_INFO = YES;
				ONLY_ACTIVE_ARCH = YES;
				SDKROOT = iphoneos;
				SWIFT_OPTIMIZATION_LEVEL = "-Onone";
			};
			name = Debug;
		};
		D3D1BCB71DE46A29003D7719 /* Release */ = {
			isa = XCBuildConfiguration;
			buildSettings = {
				ALWAYS_SEARCH_USER_PATHS = NO;
				CLANG_CXX_LANGUAGE_STANDARD = "gnu++0x";
				CLANG_CXX_LIBRARY = "libc++";
				CLANG_ENABLE_MODULES = YES;
				CLANG_ENABLE_OBJC_ARC = YES;
				CLANG_WARN_BOOL_CONVERSION = YES;
				CLANG_WARN_CONSTANT_CONVERSION = YES;
				CLANG_WARN_DIRECT_OBJC_ISA_USAGE = YES_ERROR;
				CLANG_WARN_EMPTY_BODY = YES;
				CLANG_WARN_ENUM_CONVERSION = YES;
				CLANG_WARN_INT_CONVERSION = YES;
				CLANG_WARN_OBJC_ROOT_CLASS = YES_ERROR;
				CLANG_WARN_UNREACHABLE_CODE = YES;
				CLANG_WARN__DUPLICATE_METHOD_MATCH = YES;
				"CODE_SIGN_IDENTITY[sdk=iphoneos*]" = "iPhone Developer";
				COPY_PHASE_STRIP = NO;
				DEBUG_INFORMATION_FORMAT = "dwarf-with-dsym";
				ENABLE_NS_ASSERTIONS = NO;
				ENABLE_STRICT_OBJC_MSGSEND = YES;
				GCC_C_LANGUAGE_STANDARD = gnu99;
				GCC_NO_COMMON_BLOCKS = YES;
				GCC_WARN_64_TO_32_BIT_CONVERSION = YES;
				GCC_WARN_ABOUT_RETURN_TYPE = YES_ERROR;
				GCC_WARN_UNDECLARED_SELECTOR = YES;
				GCC_WARN_UNINITIALIZED_AUTOS = YES_AGGRESSIVE;
				GCC_WARN_UNUSED_FUNCTION = YES;
				GCC_WARN_UNUSED_VARIABLE = YES;
				IPHONEOS_DEPLOYMENT_TARGET = 9.2;
				MTL_ENABLE_DEBUG_INFO = NO;
				SDKROOT = iphoneos;
				VALIDATE_PRODUCT = YES;
			};
			name = Release;
		};
		D3D1BCB91DE46A29003D7719 /* Debug */ = {
			isa = XCBuildConfiguration;
			buildSettings = {
				ASSETCATALOG_COMPILER_APPICON_NAME = AppIcon;
				INFOPLIST_FILE = BombApp/Info.plist;
				LD_RUNPATH_SEARCH_PATHS = "$(inherited) @executable_path/Frameworks";
				PRODUCT_BUNDLE_IDENTIFIER = unoq.in.BombApp;
				PRODUCT_NAME = "$(TARGET_NAME)";
			};
			name = Debug;
		};
		D3D1BCBA1DE46A29003D7719 /* Release */ = {
			isa = XCBuildConfiguration;
			buildSettings = {
				ASSETCATALOG_COMPILER_APPICON_NAME = AppIcon;
				INFOPLIST_FILE = BombApp/Info.plist;
				LD_RUNPATH_SEARCH_PATHS = "$(inherited) @executable_path/Frameworks";
				PRODUCT_BUNDLE_IDENTIFIER = unoq.in.BombApp;
				PRODUCT_NAME = "$(TARGET_NAME)";
			};
			name = Release;
		};
/* End XCBuildConfiguration section */

/* Begin XCConfigurationList section */
		D3D1BCA11DE46A28003D7719 /* Build configuration list for PBXProject "BombApp" */ = {
			isa = XCConfigurationList;
			buildConfigurations = (
				D3D1BCB61DE46A29003D7719 /* Debug */,
				D3D1BCB71DE46A29003D7719 /* Release */,
			);
			defaultConfigurationIsVisible = 0;
			defaultConfigurationName = Release;
		};
		D3D1BCB81DE46A29003D7719 /* Build configuration list for PBXNativeTarget "BombApp" */ = {
			isa = XCConfigurationList;
			buildConfigurations = (
				D3D1BCB91DE46A29003D7719 /* Debug */,
				D3D1BCBA1DE46A29003D7719 /* Release */,
			);
			defaultConfigurationIsVisible = 0;
		};
/* End XCConfigurationList section */
	};
	rootObject = D3D1BC9E1DE46A28003D7719 /* Project object */;
}
